
Microsoft Visual Studio Solution File, Format Version 12.00
# Visual Studio Version 16
VisualStudioVersion = 16.0.30128.74
MinimumVisualStudioVersion = 10.0.40219.1
Project("{FAE04EC0-301F-11D3-BF4B-00C04F79EFBC}") = "mvc", "mvc\mvc.csproj", "{7E72FD16-A96D-43CF-8FB4-30CD38D571FA}"
EndProject
Global
	GlobalSection(SolutionConfigurationPlatforms) = preSolution
		Debug|Any CPU = Debug|Any CPU
		Release|Any CPU = Release|Any CPU
	EndGlobalSection
	GlobalSection(ProjectConfigurationPlatforms) = postSolution
		{7E72FD16-A96D-43CF-8FB4-30CD38D571FA}.Debug|Any CPU.ActiveCfg = Debug|Any CPU
		{7E72FD16-A96D-43CF-8FB4-30CD38D571FA}.Debug|Any CPU.Build.0 = Debug|Any CPU
		{7E72FD16-A96D-43CF-8FB4-30CD38D571FA}.Release|Any CPU.ActiveCfg = Release|Any CPU
		{7E72FD16-A96D-43CF-8FB4-30CD38D571FA}.Release|Any CPU.Build.0 = Release|Any CPU
	EndGlobalSection
	GlobalSection(SolutionProperties) = preSolution
		HideSolutionNode = FALSE
	EndGlobalSection
	GlobalSection(ExtensibilityGlobals) = postSolution
		SolutionGuid = {62EEAE1D-29CE-44B7-8A43-AD21BDF7512E}
	EndGlobalSection
EndGlobal
